
Microsoft Visual Studio Solution File, Format Version 12.00
# Visual Studio Version 17
VisualStudioVersion = 17.8.34330.188
MinimumVisualStudioVersion = 10.0.40219.1
Project("{2150E333-8FDC-42A3-9474-1A3956D46DE8}") = "src", "src", "{A1F630D5-4AB1-4A8D-A0D2-1B187EE6F2C4}"
EndProject
Project("{2150E333-8FDC-42A3-9474-1A3956D46DE8}") = "Api", "Api", "{1614A60D-B9E9-46AE-8066-5FCC412AB7F4}"
EndProject
Project("{2150E333-8FDC-42A3-9474-1A3956D46DE8}") = "Clients", "Clients", "{AE4D817F-A12A-4723-83F4-37EA955B3F9B}"
EndProject
Project("{2150E333-8FDC-42A3-9474-1A3956D46DE8}") = "Common", "Common", "{C5AD7505-5A89-4938-844B-77A73B21AD40}"
EndProject
Project("{2150E333-8FDC-42A3-9474-1A3956D46DE8}") = "Projections", "Projections", "{60E9891A-D7E0-4BDE-95E8-F28E9F8BE851}"
EndProject
Project("{2150E333-8FDC-42A3-9474-1A3956D46DE8}") = "Core", "Core", "{A4DFA936-0BB4-4340-BB32-6870D435BDFF}"
EndProject
Project("{2150E333-8FDC-42A3-9474-1A3956D46DE8}") = "Infrastructure", "Infrastructure", "{C76BC06C-F1CE-4CD9-990E-DCE84AA22BB5}"
EndProject
Project("{2150E333-8FDC-42A3-9474-1A3956D46DE8}") = "WebApi", "WebApi", "{12F92BA9-D9F5-4D30-B58B-F86B44B438DA}"
EndProject
Project("{2150E333-8FDC-42A3-9474-1A3956D46DE8}") = "BlazorWeb", "BlazorWeb", "{B334D2C0-7C30-407D-891A-4DF69E037AE7}"
EndProject
Project("{FAE04EC0-301F-11D3-BF4B-00C04F79EFBC}") = "EksiSozluk.Common", "src\Common\EksiSozluk.Common\EksiSozluk.Common.csproj", "{230A9EFB-0155-40BE-934D-3BEEDDD6D018}"
EndProject
Project("{FAE04EC0-301F-11D3-BF4B-00C04F79EFBC}") = "EksiSozluk.Api.Domain", "src\Api\Core\EksiSozluk.Api.Domain\EksiSozluk.Api.Domain.csproj", "{82DECCB7-EB39-412E-8A10-C4F054EA8E9D}"
EndProject
Project("{FAE04EC0-301F-11D3-BF4B-00C04F79EFBC}") = "EksiSozluk.Api.Application", "src\Api\Core\EksiSozluk.Api.Application\EksiSozluk.Api.Application.csproj", "{DD1A0209-8807-474A-BFD5-620BD7FE4A99}"
EndProject
Project("{FAE04EC0-301F-11D3-BF4B-00C04F79EFBC}") = "EksiSozluk.Infrastructure.Persistence", "src\Api\Infrastructure\EksiSozluk.Infrastructure.Persistence\EksiSozluk.Infrastructure.Persistence.csproj", "{55238965-DEF1-4AFF-BC9E-44D13D18CD86}"
EndProject
Project("{FAE04EC0-301F-11D3-BF4B-00C04F79EFBC}") = "EksiSozluk.Api.WebApi", "src\Api\WebApi\EksiSozluk.Api.WebApi\EksiSozluk.Api.WebApi.csproj", "{2E1C72EF-983B-4387-8A1A-BE4BA3B0A65E}"
EndProject
Project("{FAE04EC0-301F-11D3-BF4B-00C04F79EFBC}") = "EksiSozluk.Projections.FavoriteService", "src\Projections\EksiSozluk.Projections.FavoriteService\EksiSozluk.Projections.FavoriteService.csproj", "{3B53318C-1DBD-46BE-BE4B-A30A986B760A}"
EndProject
Project("{FAE04EC0-301F-11D3-BF4B-00C04F79EFBC}") = "EksiSozluk.Projections.UserService", "src\Projections\EksiSozluk.Projections.UserService\EksiSozluk.Projections.UserService.csproj", "{92927040-DCB5-40C9-98DC-2FC3709969FA}"
EndProject
Project("{FAE04EC0-301F-11D3-BF4B-00C04F79EFBC}") = "EksiSozluk.Projections.VoteService", "src\Projections\EksiSozluk.Projections.VoteService\EksiSozluk.Projections.VoteService.csproj", "{30F3B6F7-11FC-46F8-A252-8EC840587F2B}"
EndProject
Project("{FAE04EC0-301F-11D3-BF4B-00C04F79EFBC}") = "EksiSozluk.WebApp", "src\Clients\BlazorWeb\EksiSozluk.WebApp\EksiSozluk.WebApp.csproj", "{E140840D-FB4C-4B19-8BD9-98E65B031D32}"
EndProject
Global
	GlobalSection(SolutionConfigurationPlatforms) = preSolution
		Debug|Any CPU = Debug|Any CPU
		Release|Any CPU = Release|Any CPU
	EndGlobalSection
	GlobalSection(ProjectConfigurationPlatforms) = postSolution
		{230A9EFB-0155-40BE-934D-3BEEDDD6D018}.Debug|Any CPU.ActiveCfg = Debug|Any CPU
		{230A9EFB-0155-40BE-934D-3BEEDDD6D018}.Debug|Any CPU.Build.0 = Debug|Any CPU
		{230A9EFB-0155-40BE-934D-3BEEDDD6D018}.Release|Any CPU.ActiveCfg = Release|Any CPU
		{230A9EFB-0155-40BE-934D-3BEEDDD6D018}.Release|Any CPU.Build.0 = Release|Any CPU
		{82DECCB7-EB39-412E-8A10-C4F054EA8E9D}.Debug|Any CPU.ActiveCfg = Debug|Any CPU
		{82DECCB7-EB39-412E-8A10-C4F054EA8E9D}.Debug|Any CPU.Build.0 = Debug|Any CPU
		{82DECCB7-EB39-412E-8A10-C4F054EA8E9D}.Release|Any CPU.ActiveCfg = Release|Any CPU
		{82DECCB7-EB39-412E-8A10-C4F054EA8E9D}.Release|Any CPU.Build.0 = Release|Any CPU
		{DD1A0209-8807-474A-BFD5-620BD7FE4A99}.Debug|Any CPU.ActiveCfg = Debug|Any CPU
		{DD1A0209-8807-474A-BFD5-620BD7FE4A99}.Debug|Any CPU.Build.0 = Debug|Any CPU
		{DD1A0209-8807-474A-BFD5-620BD7FE4A99}.Release|Any CPU.ActiveCfg = Release|Any CPU
		{DD1A0209-8807-474A-BFD5-620BD7FE4A99}.Release|Any CPU.Build.0 = Release|Any CPU
		{55238965-DEF1-4AFF-BC9E-44D13D18CD86}.Debug|Any CPU.ActiveCfg = Debug|Any CPU
		{55238965-DEF1-4AFF-BC9E-44D13D18CD86}.Debug|Any CPU.Build.0 = Debug|Any CPU
		{55238965-DEF1-4AFF-BC9E-44D13D18CD86}.Release|Any CPU.ActiveCfg = Release|Any CPU
		{55238965-DEF1-4AFF-BC9E-44D13D18CD86}.Release|Any CPU.Build.0 = Release|Any CPU
		{2E1C72EF-983B-4387-8A1A-BE4BA3B0A65E}.Debug|Any CPU.ActiveCfg = Debug|Any CPU
		{2E1C72EF-983B-4387-8A1A-BE4BA3B0A65E}.Debug|Any CPU.Build.0 = Debug|Any CPU
		{2E1C72EF-983B-4387-8A1A-BE4BA3B0A65E}.Release|Any CPU.ActiveCfg = Release|Any CPU
		{2E1C72EF-983B-4387-8A1A-BE4BA3B0A65E}.Release|Any CPU.Build.0 = Release|Any CPU
		{3B53318C-1DBD-46BE-BE4B-A30A986B760A}.Debug|Any CPU.ActiveCfg = Debug|Any CPU
		{3B53318C-1DBD-46BE-BE4B-A30A986B760A}.Debug|Any CPU.Build.0 = Debug|Any CPU
		{3B53318C-1DBD-46BE-BE4B-A30A986B760A}.Release|Any CPU.ActiveCfg = Release|Any CPU
		{3B53318C-1DBD-46BE-BE4B-A30A986B760A}.Release|Any CPU.Build.0 = Release|Any CPU
		{92927040-DCB5-40C9-98DC-2FC3709969FA}.Debug|Any CPU.ActiveCfg = Debug|Any CPU
		{92927040-DCB5-40C9-98DC-2FC3709969FA}.Debug|Any CPU.Build.0 = Debug|Any CPU
		{92927040-DCB5-40C9-98DC-2FC3709969FA}.Release|Any CPU.ActiveCfg = Release|Any CPU
		{92927040-DCB5-40C9-98DC-2FC3709969FA}.Release|Any CPU.Build.0 = Release|Any CPU
		{30F3B6F7-11FC-46F8-A252-8EC840587F2B}.Debug|Any CPU.ActiveCfg = Debug|Any CPU
		{30F3B6F7-11FC-46F8-A252-8EC840587F2B}.Debug|Any CPU.Build.0 = Debug|Any CPU
		{30F3B6F7-11FC-46F8-A252-8EC840587F2B}.Release|Any CPU.ActiveCfg = Release|Any CPU
		{30F3B6F7-11FC-46F8-A252-8EC840587F2B}.Release|Any CPU.Build.0 = Release|Any CPU
		{E140840D-FB4C-4B19-8BD9-98E65B031D32}.Debug|Any CPU.ActiveCfg = Debug|Any CPU
		{E140840D-FB4C-4B19-8BD9-98E65B031D32}.Debug|Any CPU.Build.0 = Debug|Any CPU
		{E140840D-FB4C-4B19-8BD9-98E65B031D32}.Release|Any CPU.ActiveCfg = Release|Any CPU
		{E140840D-FB4C-4B19-8BD9-98E65B031D32}.Release|Any CPU.Build.0 = Release|Any CPU
	EndGlobalSection
	GlobalSection(SolutionProperties) = preSolution
		HideSolutionNode = FALSE
	EndGlobalSection
	GlobalSection(NestedProjects) = preSolution
		{1614A60D-B9E9-46AE-8066-5FCC412AB7F4} = {A1F630D5-4AB1-4A8D-A0D2-1B187EE6F2C4}
		{AE4D817F-A12A-4723-83F4-37EA955B3F9B} = {A1F630D5-4AB1-4A8D-A0D2-1B187EE6F2C4}
		{C5AD7505-5A89-4938-844B-77A73B21AD40} = {A1F630D5-4AB1-4A8D-A0D2-1B187EE6F2C4}
		{60E9891A-D7E0-4BDE-95E8-F28E9F8BE851} = {A1F630D5-4AB1-4A8D-A0D2-1B187EE6F2C4}
		{A4DFA936-0BB4-4340-BB32-6870D435BDFF} = {1614A60D-B9E9-46AE-8066-5FCC412AB7F4}
		{C76BC06C-F1CE-4CD9-990E-DCE84AA22BB5} = {1614A60D-B9E9-46AE-8066-5FCC412AB7F4}
		{12F92BA9-D9F5-4D30-B58B-F86B44B438DA} = {1614A60D-B9E9-46AE-8066-5FCC412AB7F4}
		{B334D2C0-7C30-407D-891A-4DF69E037AE7} = {AE4D817F-A12A-4723-83F4-37EA955B3F9B}
		{230A9EFB-0155-40BE-934D-3BEEDDD6D018} = {C5AD7505-5A89-4938-844B-77A73B21AD40}
		{82DECCB7-EB39-412E-8A10-C4F054EA8E9D} = {A4DFA936-0BB4-4340-BB32-6870D435BDFF}
		{DD1A0209-8807-474A-BFD5-620BD7FE4A99} = {A4DFA936-0BB4-4340-BB32-6870D435BDFF}
		{55238965-DEF1-4AFF-BC9E-44D13D18CD86} = {C76BC06C-F1CE-4CD9-990E-DCE84AA22BB5}
		{2E1C72EF-983B-4387-8A1A-BE4BA3B0A65E} = {12F92BA9-D9F5-4D30-B58B-F86B44B438DA}
		{3B53318C-1DBD-46BE-BE4B-A30A986B760A} = {60E9891A-D7E0-4BDE-95E8-F28E9F8BE851}
		{92927040-DCB5-40C9-98DC-2FC3709969FA} = {60E9891A-D7E0-4BDE-95E8-F28E9F8BE851}
		{30F3B6F7-11FC-46F8-A252-8EC840587F2B} = {60E9891A-D7E0-4BDE-95E8-F28E9F8BE851}
		{E140840D-FB4C-4B19-8BD9-98E65B031D32} = {B334D2C0-7C30-407D-891A-4DF69E037AE7}
	EndGlobalSection
	GlobalSection(ExtensibilityGlobals) = postSolution
		SolutionGuid = {D9297043-BE7A-4870-A97F-53FE00F370B7}
	EndGlobalSection
EndGlobal
